dependencies:
- name: gitlab
  repository: ""
  version: '*.*.*'
- name: certmanager-issuer
  repository: ""
  version: '*.*.*'
- name: minio
  repository: ""
  version: '*.*.*'
- name: registry
  repository: ""
  version: '*.*.*'
- name: cert-manager
  repository: https://charts.jetstack.io/
  version: v1.17.4
- name: prometheus
  repository: https://prometheus-community.github.io/helm-charts
  version: 27.39.0
- name: postgresql
  repository: https://charts.bitnami.com/bitnami
  version: 13.4.4
- name: gitlab-runner
  repository: https://charts.gitlab.io/
  version: 0.83.3
- name: valkey
  repository: https://valkey.io/valkey-helm/
  version: 0.8.1
- name: nginx-ingress
  repository: ""
  version: '*.*.*'
- name: nginx-ingress
  repository: ""
  version: '*.*.*'
- name: gitlab-zoekt
  repository: https://charts.gitlab.io/
  version: 3.7.1
- name: openbao
  repository: https://charts.gitlab.io/
  version: 0.9.0
- name: traefik
  repository: https://helm.traefik.io/traefik
  version: 10.19.4
- name: kubernetes-ingress
  repository: https://haproxytech.github.io/helm-charts
  version: 1.39.4
digest: sha256:51fa790f40b8a901d812624cd0c0e50b9662abb1aa80534ba4a76b23737ca37a
generated: "2025-12-09T09:13:05.842029683+01:00"
