dependencies:
- name: gitlab
  repository: ""
  version: '*.*.*'
- name: certmanager-issuer
  repository: ""
  version: '*.*.*'
- name: registry
  repository: ""
  version: '*.*.*'
- name: cert-manager
  repository: oci://quay.io/jetstack/charts
  version: v1.20.2
- name: prometheus
  repository: oci://ghcr.io/prometheus-community/charts
  version: 29.2.1
- name: gitlab-runner
  repository: https://charts.gitlab.io/
  version: 0.88.3
- name: nginx-ingress
  repository: ""
  version: '*.*.*'
- name: nginx-ingress
  repository: ""
  version: '*.*.*'
- name: gitlab-zoekt
  repository: https://charts.gitlab.io/
  version: 3.8.2
- name: openbao
  repository: https://charts.gitlab.io/
  version: 0.15.0
- name: traefik
  repository: https://helm.traefik.io/traefik
  version: 10.19.4
- name: kubernetes-ingress
  repository: https://haproxytech.github.io/helm-charts
  version: 1.39.4
- name: gateway-helm
  repository: oci://registry-1.docker.io/envoyproxy
  version: 1.7.2
- name: ai-gateway
  repository: https://gitlab.com/api/v4/projects/gitlab-org%2fcharts%2fai-gateway-helm-chart/packages/helm/devel
  version: 0.11.0
digest: sha256:b769e9d1b18814b193d9b26ba8617dbfd426591561d3c8c953f8f116e7f7ab40
generated: "2026-05-13T19:15:55.381578383Z"
